
Microsoft Visual Studio Solution File, Format Version 12.00
# Visual Studio Version 16
VisualStudioVersion = 25.0.1704.1
MinimumVisualStudioVersion = 10.0.40219.1
Project("{FAE04EC0-301F-11D3-BF4B-00C04F79EFBC}") = "currencyApp", "currencyApp\currencyApp.csproj", "{EC547389-DA59-4D9D-AD2D-836A2A791AF4}"
EndProject
Global
	GlobalSection(SolutionConfigurationPlatforms) = preSolution
		Debug|Any CPU = Debug|Any CPU
		Release|Any CPU = Release|Any CPU
	EndGlobalSection
	GlobalSection(ProjectConfigurationPlatforms) = postSolution
		{EC547389-DA59-4D9D-AD2D-836A2A791AF4}.Debug|Any CPU.ActiveCfg = Debug|Any CPU
		{EC547389-DA59-4D9D-AD2D-836A2A791AF4}.Debug|Any CPU.Build.0 = Debug|Any CPU
		{EC547389-DA59-4D9D-AD2D-836A2A791AF4}.Release|Any CPU.ActiveCfg = Release|Any CPU
		{EC547389-DA59-4D9D-AD2D-836A2A791AF4}.Release|Any CPU.Build.0 = Release|Any CPU
	EndGlobalSection
	GlobalSection(SolutionProperties) = preSolution
		HideSolutionNode = FALSE
	EndGlobalSection
	GlobalSection(ExtensibilityGlobals) = postSolution
		SolutionGuid = {B8FB31D8-3DBF-4F61-93F9-436D58A4062A}
	EndGlobalSection
EndGlobal
